
Microsoft Visual Studio Solution File, Format Version 12.00
# Visual Studio Version 17
VisualStudioVersion = 17.14.36717.8
MinimumVisualStudioVersion = 10.0.40219.1
Project("{FAE04EC0-301F-11D3-BF4B-00C04F79EFBC}") = "34Downloader", "34SearchEngine\34Downloader.csproj", "{F62CB2AD-B48A-419A-9DDE-C52250E9306D}"
EndProject
Global
	GlobalSection(SolutionConfigurationPlatforms) = preSolution
		Debug|Any CPU = Debug|Any CPU
		Release|Any CPU = Release|Any CPU
	EndGlobalSection
	GlobalSection(ProjectConfigurationPlatforms) = postSolution
		{F62CB2AD-B48A-419A-9DDE-C52250E9306D}.Debug|Any CPU.ActiveCfg = Debug|Any CPU
		{F62CB2AD-B48A-419A-9DDE-C52250E9306D}.Debug|Any CPU.Build.0 = Debug|Any CPU
		{F62CB2AD-B48A-419A-9DDE-C52250E9306D}.Release|Any CPU.ActiveCfg = Release|Any CPU
		{F62CB2AD-B48A-419A-9DDE-C52250E9306D}.Release|Any CPU.Build.0 = Release|Any CPU
	EndGlobalSection
	GlobalSection(SolutionProperties) = preSolution
		HideSolutionNode = FALSE
	EndGlobalSection
	GlobalSection(ExtensibilityGlobals) = postSolution
		SolutionGuid = {4B983228-643D-4E0E-868C-DB0D0C74C6CC}
	EndGlobalSection
EndGlobal
